{
  "name": "photocast",
  "requires": true,
  "lockfileVersion": 1,
  "dependencies": {
    "@polymer/iron-collapse": {
      "version": "3.0.1",
      "resolved": "https://registry.npmjs.org/@polymer/iron-collapse/-/iron-collapse-3.0.1.tgz",
      "integrity": "sha512-yg6q5ZyckQR9VL9VmLrSTkSFXWy9AcJC8KtnD5cg0EHRPbakE8I9S/gVAgeP4nMWV2a/BjLLC4IBygcCMDhAGw==",
      "requires": {
        "@polymer/iron-resizable-behavior": "^3.0.0-pre.26",
        "@polymer/polymer": "^3.0.0"
      }
    },
    "@polymer/iron-resizable-behavior": {
      "version": "3.0.1",
      "resolved": "https://registry.npmjs.org/@polymer/iron-resizable-behavior/-/iron-resizable-behavior-3.0.1.tgz",
      "integrity": "sha512-FyHxRxFspVoRaeZSWpT3y0C9awomb4tXXolIJcZ7RvXhMP632V5lez+ch5G5SwK0LpnAPkg35eB0LPMFv+YMMQ==",
      "requires": {
        "@polymer/polymer": "^3.0.0"
      }
    },
    "@polymer/iron-selector": {
      "version": "3.0.0",
      "resolved": "https://registry.npmjs.org/@polymer/iron-selector/-/iron-selector-3.0.0.tgz",
      "integrity": "sha512-hxyDZAyjy3Hj/I22ff4Q1B2c83vUUbf1G3YTqn4EJmXe682/IkUHeP7bnjCeT8gULdDMGxS3q00Z1l/CTUg7Rg==",
      "requires": {
        "@polymer/polymer": "^3.0.0"
      }
    },
    "@polymer/polymer": {
      "version": "3.0.0",
      "resolved": "https://registry.npmjs.org/@polymer/polymer/-/polymer-3.0.0.tgz",
      "integrity": "sha512-PuWqIZNcebg1xfRnFl6TIlnlHtMseNHSzTbucXUn2Qh4wy4LBlhvTKXA+lRpaktMqlUrehO67svyau85HborYQ==",
      "requires": {
        "@webcomponents/shadycss": "^1.2.0"
      }
    },
    "@polymer/test-fixture": {
      "version": "4.0.2",
      "resolved": "https://registry.npmjs.org/@polymer/test-fixture/-/test-fixture-4.0.2.tgz",
      "integrity": "sha512-tLX8tFE4mkc4p84YG5239G0hbgTVv2irZYrSyO0OblUqIRbRoCPmbydm3HRFQkJeAB3rPCtyeZ2roJULsmTG3A==",
      "dev": true
    },
    "@webcomponents/shadycss": {
      "version": "1.10.2",
      "resolved": "https://registry.npmjs.org/@webcomponents/shadycss/-/shadycss-1.10.2.tgz",
      "integrity": "sha512-9Iseu8bRtecb0klvv+WXZOVZatsRkbaH7M97Z+f+Pt909R4lDfgUODAnra23DOZTpeMTAkVpf4m/FZztN7Ox1A=="
    },
    "@webcomponents/webcomponentsjs": {
      "version": "2.5.0",
      "resolved": "https://registry.npmjs.org/@webcomponents/webcomponentsjs/-/webcomponentsjs-2.5.0.tgz",
      "integrity": "sha512-C0l51MWQZ9kLzcxOZtniOMohpIFdCLZum7/TEHv3XWFc1Fvt5HCpbSX84x8ltka/JuNKcuiDnxXFkiB2gaePcg==",
      "dev": true
    }
  }
}
